{
  "version": 4,
  "terraform_version": "1.12.1",
  "serial": 3,
  "lineage": "0430ef48-eb5f-5032-fc34-0a09d5d13566",
  "outputs": {
    "workspace_id": {
      "value": "3a490623-f6ec-4ab6-b43b-4ab18093f2ea",
      "type": "string"
    }
  },
  "resources": [
    {
      "mode": "managed",
      "type": "azurerm_log_analytics_workspace",
      "name": "monitoring",
      "provider": "provider[\"registry.terraform.io/hashicorp/azurerm\"]",
      "instances": [
        {
          "schema_version": 3,
          "attributes": {
            "allow_resource_only_permissions": true,
            "cmk_for_query_forced": false,
            "daily_quota_gb": -1,
            "data_collection_rule_id": "",
            "id": "/subscriptions/782b82e6-6b2a-49d7-bf16-642ff7ea3e80/resourceGroups/rg-monitoring/providers/Microsoft.OperationalInsights/workspaces/log-workspace-monitoring",
            "identity": [],
            "immediate_data_purge_on_30_days_enabled": false,
            "internet_ingestion_enabled": true,
            "internet_query_enabled": true,
            "local_authentication_disabled": false,
            "location": "eastus",
            "name": "log-workspace-monitoring",
            "primary_shared_key": "mNKsXS1XV/xjW6ObeZqTQF2ubLHLxH6QncAIZUXiM/r3r69Qjj7R0JNcJeFEoZlx5flf8xJx07aZ7nfAqdQ5CQ==",
            "reservation_capacity_in_gb_per_day": null,
            "resource_group_name": "rg-monitoring",
            "retention_in_days": 30,
            "secondary_shared_key": "CagXh/YIaQcFLGEOrNuHulRLyNYABCjjVZ14ZWZUOYK9MOXXZ6JhCD1iMErr1mGqCwymGHN3k5lPLcXtpEIX4Q==",
            "sku": "PerGB2018",
            "tags": null,
            "timeouts": null,
            "workspace_id": "3a490623-f6ec-4ab6-b43b-4ab18093f2ea"
          },
          "sensitive_attributes": [
            [
              {
                "type": "get_attr",
                "value": "primary_shared_key"
              }
            ],
            [
              {
                "type": "get_attr",
                "value": "secondary_shared_key"
              }
            ]
          ],
          "identity_schema_version": 0,
          "private": "eyJlMmJmYjczMC1lY2FhLTExZTYtOGY4OC0zNDM2M2JjN2M0YzAiOnsiY3JlYXRlIjoxODAwMDAwMDAwMDAwLCJkZWxldGUiOjE4MDAwMDAwMDAwMDAsInJlYWQiOjMwMDAwMDAwMDAwMCwidXBkYXRlIjoxODAwMDAwMDAwMDAwfSwic2NoZW1hX3ZlcnNpb24iOiIzIn0=",
          "dependencies": [
            "azurerm_resource_group.main"
          ]
        }
      ]
    },
    {
      "mode": "managed",
      "type": "azurerm_resource_group",
      "name": "main",
      "provider": "provider[\"registry.terraform.io/hashicorp/azurerm\"]",
      "instances": [
        {
          "schema_version": 0,
          "attributes": {
            "id": "/subscriptions/782b82e6-6b2a-49d7-bf16-642ff7ea3e80/resourceGroups/rg-monitoring",
            "location": "eastus",
            "managed_by": "",
            "name": "rg-monitoring",
            "tags": null,
            "timeouts": null
          },
          "sensitive_attributes": [],
          "identity_schema_version": 0,
          "private": "eyJlMmJmYjczMC1lY2FhLTExZTYtOGY4OC0zNDM2M2JjN2M0YzAiOnsiY3JlYXRlIjo1NDAwMDAwMDAwMDAwLCJkZWxldGUiOjU0MDAwMDAwMDAwMDAsInJlYWQiOjMwMDAwMDAwMDAwMCwidXBkYXRlIjo1NDAwMDAwMDAwMDAwfX0="
        }
      ]
    }
  ],
  "check_results": null
}
